
Microsoft Visual Studio Solution File, Format Version 12.00
# Visual Studio Version 17
VisualStudioVersion = 17.5.33516.290
MinimumVisualStudioVersion = 10.0.40219.1
Project("{9A19103F-16F7-4668-BE54-9A1E7A4F7556}") = "Ranker", "Ranker\Ranker.csproj", "{860C6671-3DD4-415A-B0F9-64F785982711}"
EndProject
Project("{9A19103F-16F7-4668-BE54-9A1E7A4F7556}") = "Ranker.Test", "Ranker.Test\Ranker.Test.csproj", "{0B8DB76D-F6BB-4DB9-8D5F-DF1DD7139C7E}"
EndProject
Global
	GlobalSection(SolutionConfigurationPlatforms) = preSolution
		Debug|Any CPU = Debug|Any CPU
		Release|Any CPU = Release|Any CPU
	EndGlobalSection
	GlobalSection(ProjectConfigurationPlatforms) = postSolution
		{860C6671-3DD4-415A-B0F9-64F785982711}.Debug|Any CPU.ActiveCfg = Debug|Any CPU
		{860C6671-3DD4-415A-B0F9-64F785982711}.Debug|Any CPU.Build.0 = Debug|Any CPU
		{860C6671-3DD4-415A-B0F9-64F785982711}.Release|Any CPU.ActiveCfg = Release|Any CPU
		{860C6671-3DD4-415A-B0F9-64F785982711}.Release|Any CPU.Build.0 = Release|Any CPU
		{0B8DB76D-F6BB-4DB9-8D5F-DF1DD7139C7E}.Debug|Any CPU.ActiveCfg = Debug|Any CPU
		{0B8DB76D-F6BB-4DB9-8D5F-DF1DD7139C7E}.Debug|Any CPU.Build.0 = Debug|Any CPU
		{0B8DB76D-F6BB-4DB9-8D5F-DF1DD7139C7E}.Release|Any CPU.ActiveCfg = Release|Any CPU
		{0B8DB76D-F6BB-4DB9-8D5F-DF1DD7139C7E}.Release|Any CPU.Build.0 = Release|Any CPU
	EndGlobalSection
	GlobalSection(SolutionProperties) = preSolution
		HideSolutionNode = FALSE
	EndGlobalSection
	GlobalSection(ExtensibilityGlobals) = postSolution
		SolutionGuid = {95E853C9-0C8A-4989-8CBB-539F97FCA257}
	EndGlobalSection
EndGlobal
